// !$*UTF8*$!
{
	archiveVersion = 1;
	classes = {
	};
	objectVersion = 46;
	objects = {

/* Begin PBXBuildFile section */
		180CEC391CBCDDEF00329B95 /* MessagesViewController.m in Sources */ = {isa = PBXBuildFile; fileRef = 180CEC381CBCDDEF00329B95 /* MessagesViewController.m */; };
		184535E61CBDEACE0002F8BA /* MJRefreshAutoFooter.m in Sources */ = {isa = PBXBuildFile; fileRef = 184535BC1CBDEACE0002F8BA /* MJRefreshAutoFooter.m */; };
		184535E71CBDEACE0002F8BA /* MJRefreshBackFooter.m in Sources */ = {isa = PBXBuildFile; fileRef = 184535BE1CBDEACE0002F8BA /* MJRefreshBackFooter.m */; };
		184535E81CBDEACE0002F8BA /* MJRefreshComponent.m in Sources */ = {isa = PBXBuildFile; fileRef = 184535C01CBDEACE0002F8BA /* MJRefreshComponent.m */; };
		184535E91CBDEACE0002F8BA /* MJRefreshFooter.m in Sources */ = {isa = PBXBuildFile; fileRef = 184535C21CBDEACE0002F8BA /* MJRefreshFooter.m */; };
		184535EA1CBDEACE0002F8BA /* MJRefreshHeader.m in Sources */ = {isa = PBXBuildFile; fileRef = 184535C41CBDEACE0002F8BA /* MJRefreshHeader.m */; };
		184535EB1CBDEACE0002F8BA /* MJRefreshAutoGifFooter.m in Sources */ = {isa = PBXBuildFile; fileRef = 184535C91CBDEACE0002F8BA /* MJRefreshAutoGifFooter.m */; };
		184535EC1CBDEACE0002F8BA /* MJRefreshAutoNormalFooter.m in Sources */ = {isa = PBXBuildFile; fileRef = 184535CB1CBDEACE0002F8BA /* MJRefreshAutoNormalFooter.m */; };
		184535ED1CBDEACE0002F8BA /* MJRefreshAutoStateFooter.m in Sources */ = {isa = PBXBuildFile; fileRef = 184535CD1CBDEACE0002F8BA /* MJRefreshAutoStateFooter.m */; };
		184535EE1CBDEACE0002F8BA /* MJRefreshBackGifFooter.m in Sources */ = {isa = PBXBuildFile; fileRef = 184535D01CBDEACE0002F8BA /* MJRefreshBackGifFooter.m */; };
		184535EF1CBDEACE0002F8BA /* MJRefreshBackNormalFooter.m in Sources */ = {isa = PBXBuildFile; fileRef = 184535D21CBDEACE0002F8BA /* MJRefreshBackNormalFooter.m */; };
		184535F01CBDEACE0002F8BA /* MJRefreshBackStateFooter.m in Sources */ = {isa = PBXBuildFile; fileRef = 184535D41CBDEACE0002F8BA /* MJRefreshBackStateFooter.m */; };
		184535F11CBDEACE0002F8BA /* MJRefreshGifHeader.m in Sources */ = {isa = PBXBuildFile; fileRef = 184535D71CBDEACE0002F8BA /* MJRefreshGifHeader.m */; };
		184535F21CBDEACE0002F8BA /* MJRefreshNormalHeader.m in Sources */ = {isa = PBXBuildFile; fileRef = 184535D91CBDEACE0002F8BA /* MJRefreshNormalHeader.m */; };
		184535F31CBDEACE0002F8BA /* MJRefreshStateHeader.m in Sources */ = {isa = PBXBuildFile; fileRef = 184535DB1CBDEACE0002F8BA /* MJRefreshStateHeader.m */; };
		184535F41CBDEACE0002F8BA /* MJRefresh.bundle in Resources */ = {isa = PBXBuildFile; fileRef = 184535DC1CBDEACE0002F8BA /* MJRefresh.bundle */; };
		184535F51CBDEACE0002F8BA /* MJRefreshConst.m in Sources */ = {isa = PBXBuildFile; fileRef = 184535DF1CBDEACE0002F8BA /* MJRefreshConst.m */; };
		184535F61CBDEACE0002F8BA /* UIScrollView+MJExtension.m in Sources */ = {isa = PBXBuildFile; fileRef = 184535E11CBDEACE0002F8BA /* UIScrollView+MJExtension.m */; };
		184535F71CBDEACE0002F8BA /* UIScrollView+MJRefresh.m in Sources */ = {isa = PBXBuildFile; fileRef = 184535E31CBDEACE0002F8BA /* UIScrollView+MJRefresh.m */; };
		184535F81CBDEACE0002F8BA /* UIView+MJExtension.m in Sources */ = {isa = PBXBuildFile; fileRef = 184535E51CBDEACE0002F8BA /* UIView+MJExtension.m */; };
		18575FA11CBA194200B9AEB2 /* LJNavigationController.m in Sources */ = {isa = PBXBuildFile; fileRef = 18575FA01CBA194200B9AEB2 /* LJNavigationController.m */; };
		18575FA41CBA19E300B9AEB2 /* BaseUIViewController.m in Sources */ = {isa = PBXBuildFile; fileRef = 18575FA31CBA19E300B9AEB2 /* BaseUIViewController.m */; };
		18575FA71CBA19F900B9AEB2 /* FirstViewController.m in Sources */ = {isa = PBXBuildFile; fileRef = 18575FA61CBA19F900B9AEB2 /* FirstViewController.m */; };
		18575FAA1CBA1A0700B9AEB2 /* SecondViewController.m in Sources */ = {isa = PBXBuildFile; fileRef = 18575FA91CBA1A0700B9AEB2 /* SecondViewController.m */; };
		18575FAD1CBA1A1700B9AEB2 /* ThridViewController.m in Sources */ = {isa = PBXBuildFile; fileRef = 18575FAC1CBA1A1700B9AEB2 /* ThridViewController.m */; };
		18575FB01CBA1A2400B9AEB2 /* FourthViewController.m in Sources */ = {isa = PBXBuildFile; fileRef = 18575FAF1CBA1A2400B9AEB2 /* FourthViewController.m */; };
		18575FB31CBA1A3C00B9AEB2 /* CenterViewController.m in Sources */ = {isa = PBXBuildFile; fileRef = 18575FB21CBA1A3C00B9AEB2 /* CenterViewController.m */; };
		18575FB61CBA1CB500B9AEB2 /* LJTabBar.m in Sources */ = {isa = PBXBuildFile; fileRef = 18575FB51CBA1CB500B9AEB2 /* LJTabBar.m */; };
		18575FB91CBA240800B9AEB2 /* UIView+Frame.m in Sources */ = {isa = PBXBuildFile; fileRef = 18575FB81CBA240800B9AEB2 /* UIView+Frame.m */; };
		18575FC21CBA343800B9AEB2 /* NSString+Common.m in Sources */ = {isa = PBXBuildFile; fileRef = 18575FC11CBA343800B9AEB2 /* NSString+Common.m */; };
		18575FC51CBA374100B9AEB2 /* UIColor+Common.m in Sources */ = {isa = PBXBuildFile; fileRef = 18575FC41CBA374100B9AEB2 /* UIColor+Common.m */; };
		18D363CA1CBA138200A784FD /* main.m in Sources */ = {isa = PBXBuildFile; fileRef = 18D363C91CBA138200A784FD /* main.m */; };
		18D363CD1CBA138200A784FD /* AppDelegate.m in Sources */ = {isa = PBXBuildFile; fileRef = 18D363CC1CBA138200A784FD /* AppDelegate.m */; };
		18D363D51CBA138200A784FD /* Assets.xcassets in Resources */ = {isa = PBXBuildFile; fileRef = 18D363D41CBA138200A784FD /* Assets.xcassets */; };
		18D363D81CBA138200A784FD /* LaunchScreen.storyboard in Resources */ = {isa = PBXBuildFile; fileRef = 18D363D61CBA138200A784FD /* LaunchScreen.storyboard */; };
		18D363E11CBA143F00A784FD /* MainViewController.m in Sources */ = {isa = PBXBuildFile; fileRef = 18D363E01CBA143F00A784FD /* MainViewController.m */; };
		18D363E41CBA14D400A784FD /* LJTabBarController.m in Sources */ = {isa = PBXBuildFile; fileRef = 18D363E31CBA14D400A784FD /* LJTabBarController.m */; };
/* End PBXBuildFile section */

/* Begin PBXFileReference section */
		180CEC371CBCDDEF00329B95 /* MessagesViewController.h */ = {isa = PBXFileReference; fileEncoding = 4; lastKnownFileType = sourcecode.c.h; path = MessagesViewController.h; sourceTree = "<group>"; };
		180CEC381CBCDDEF00329B95 /* MessagesViewController.m */ = {isa = PBXFileReference; fileEncoding = 4; lastKnownFileType = sourcecode.c.objc; path = MessagesViewController.m; sourceTree = "<group>"; };
		184535BB1CBDEACE0002F8BA /* MJRefreshAutoFooter.h */ = {isa = PBXFileReference; fileEncoding = 4; lastKnownFileType = sourcecode.c.h; path = MJRefreshAutoFooter.h; sourceTree = "<group>"; };
		184535BC1CBDEACE0002F8BA /* MJRefreshAutoFooter.m */ = {isa = PBXFileReference; fileEncoding = 4; lastKnownFileType = sourcecode.c.objc; path = MJRefreshAutoFooter.m; sourceTree = "<group>"; };
		184535BD1CBDEACE0002F8BA /* MJRefreshBackFooter.h */ = {isa = PBXFileReference; fileEncoding = 4; lastKnownFileType = sourcecode.c.h; path = MJRefreshBackFooter.h; sourceTree = "<group>"; };
		184535BE1CBDEACE0002F8BA /* MJRefreshBackFooter.m */ = {isa = PBXFileReference; fileEncoding = 4; lastKnownFileType = sourcecode.c.objc; path = MJRefreshBackFooter.m; sourceTree = "<group>"; };
		184535BF1CBDEACE0002F8BA /* MJRefreshComponent.h */ = {isa = PBXFileReference; fileEncoding = 4; lastKnownFileType = sourcecode.c.h; path = MJRefreshComponent.h; sourceTree = "<group>"; };
		184535C01CBDEACE0002F8BA /* MJRefreshComponent.m */ = {isa = PBXFileReference; fileEncoding = 4; lastKnownFileType = sourcecode.c.objc; path = MJRefreshComponent.m; sourceTree = "<group>"; };
		184535C11CBDEACE0002F8BA /* MJRefreshFooter.h */ = {isa = PBXFileReference; fileEncoding = 4; lastKnownFileType = sourcecode.c.h; path = MJRefreshFooter.h; sourceTree = "<group>"; };
		184535C21CBDEACE0002F8BA /* MJRefreshFooter.m */ = {isa = PBXFileReference; fileEncoding = 4; lastKnownFileType = sourcecode.c.objc; path = MJRefreshFooter.m; sourceTree = "<group>"; };
		184535C31CBDEACE0002F8BA /* MJRefreshHeader.h */ = {isa = PBXFileReference; fileEncoding = 4; lastKnownFileType = sourcecode.c.h; path = MJRefreshHeader.h; sourceTree = "<group>"; };
		184535C41CBDEACE0002F8BA /* MJRefreshHeader.m */ = {isa = PBXFileReference; fileEncoding = 4; lastKnownFileType = sourcecode.c.objc; path = MJRefreshHeader.m; sourceTree = "<group>"; };
		184535C81CBDEACE0002F8BA /* MJRefreshAutoGifFooter.h */ = {isa = PBXFileReference; fileEncoding = 4; lastKnownFileType = sourcecode.c.h; path = MJRefreshAutoGifFooter.h; sourceTree = "<group>"; };
		184535C91CBDEACE0002F8BA /* MJRefreshAutoGifFooter.m */ = {isa = PBXFileReference; fileEncoding = 4; lastKnownFileType = sourcecode.c.objc; path = MJRefreshAutoGifFooter.m; sourceTree = "<group>"; };
		184535CA1CBDEACE0002F8BA /* MJRefreshAutoNormalFooter.h */ = {isa = PBXFileReference; fileEncoding = 4; lastKnownFileType = sourcecode.c.h; path = MJRefreshAutoNormalFooter.h; sourceTree = "<group>"; };
		184535CB1CBDEACE0002F8BA /* MJRefreshAutoNormalFooter.m */ = {isa = PBXFileReference; fileEncoding = 4; lastKnownFileType = sourcecode.c.objc; path = MJRefreshAutoNormalFooter.m; sourceTree = "<group>"; };
		184535CC1CBDEACE0002F8BA /* MJRefreshAutoStateFooter.h */ = {isa = PBXFileReference; fileEncoding = 4; lastKnownFileType = sourcecode.c.h; path = MJRefreshAutoStateFooter.h; sourceTree = "<group>"; };
		184535CD1CBDEACE0002F8BA /* MJRefreshAutoStateFooter.m */ = {isa = PBXFileReference; fileEncoding = 4; lastKnownFileType = sourcecode.c.objc; path = MJRefreshAutoStateFooter.m; sourceTree = "<group>"; };
		184535CF1CBDEACE0002F8BA /* MJRefreshBackGifFooter.h */ = {isa = PBXFileReference; fileEncoding = 4; lastKnownFileType = sourcecode.c.h; path = MJRefreshBackGifFooter.h; sourceTree = "<group>"; };
		184535D01CBDEACE0002F8BA /* MJRefreshBackGifFooter.m */ = {isa = PBXFileReference; fileEncoding = 4; lastKnownFileType = sourcecode.c.objc; path = MJRefreshBackGifFooter.m; sourceTree = "<group>"; };
		184535D11CBDEACE0002F8BA /* MJRefreshBackNormalFooter.h */ = {isa = PBXFileReference; fileEncoding = 4; lastKnownFileType = sourcecode.c.h; path = MJRefreshBackNormalFooter.h; sourceTree = "<group>"; };
		184535D21CBDEACE0002F8BA /* MJRefreshBackNormalFooter.m */ = {isa = PBXFileReference; fileEncoding = 4; lastKnownFileType = sourcecode.c.objc; path = MJRefreshBackNormalFooter.m; sourceTree = "<group>"; };
		184535D31CBDEACE0002F8BA /* MJRefreshBackStateFooter.h */ = {isa = PBXFileReference; fileEncoding = 4; lastKnownFileType = sourcecode.c.h; path = MJRefreshBackStateFooter.h; sourceTree = "<group>"; };
		184535D41CBDEACE0002F8BA /* MJRefreshBackStateFooter.m */ = {isa = PBXFileReference; fileEncoding = 4; lastKnownFileType = sourcecode.c.objc; path = MJRefreshBackStateFooter.m; sourceTree = "<group>"; };
		184535D61CBDEACE0002F8BA /* MJRefreshGifHeader.h */ = {isa = PBXFileReference; fileEncoding = 4; lastKnownFileType = sourcecode.c.h; path = MJRefreshGifHeader.h; sourceTree = "<group>"; };
		184535D71CBDEACE0002F8BA /* MJRefreshGifHeader.m */ = {isa = PBXFileReference; fileEncoding = 4; lastKnownFileType = sourcecode.c.objc; path = MJRefreshGifHeader.m; sourceTree = "<group>"; };
		184535D81CBDEACE0002F8BA /* MJRefreshNormalHeader.h */ = {isa = PBXFileReference; fileEncoding = 4; lastKnownFileType = sourcecode.c.h; path = MJRefreshNormalHeader.h; sourceTree = "<group>"; };
		184535D91CBDEACE0002F8BA /* MJRefreshNormalHeader.m */ = {isa = PBXFileReference; fileEncoding = 4; lastKnownFileType = sourcecode.c.objc; path = MJRefreshNormalHeader.m; sourceTree = "<group>"; };
		184535DA1CBDEACE0002F8BA /* MJRefreshStateHeader.h */ = {isa = PBXFileReference; fileEncoding = 4; lastKnownFileType = sourcecode.c.h; path = MJRefreshStateHeader.h; sourceTree = "<group>"; };
		184535DB1CBDEACE0002F8BA /* MJRefreshStateHeader.m */ = {isa = PBXFileReference; fileEncoding = 4; lastKnownFileType = sourcecode.c.objc; path = MJRefreshStateHeader.m; sourceTree = "<group>"; };
		184535DC1CBDEACE0002F8BA /* MJRefresh.bundle */ = {isa = PBXFileReference; lastKnownFileType = "wrapper.plug-in"; path = MJRefresh.bundle; sourceTree = "<group>"; };
		184535DD1CBDEACE0002F8BA /* MJRefresh.h */ = {isa = PBXFileReference; fileEncoding = 4; lastKnownFileType = sourcecode.c.h; path = MJRefresh.h; sourceTree = "<group>"; };
		184535DE1CBDEACE0002F8BA /* MJRefreshConst.h */ = {isa = PBXFileReference; fileEncoding = 4; lastKnownFileType = sourcecode.c.h; path = MJRefreshConst.h; sourceTree = "<group>"; };
		184535DF1CBDEACE0002F8BA /* MJRefreshConst.m */ = {isa = PBXFileReference; fileEncoding = 4; lastKnownFileType = sourcecode.c.objc; path = MJRefreshConst.m; sourceTree = "<group>"; };
		184535E01CBDEACE0002F8BA /* UIScrollView+MJExtension.h */ = {isa = PBXFileReference; fileEncoding = 4; lastKnownFileType = sourcecode.c.h; path = "UIScrollView+MJExtension.h"; sourceTree = "<group>"; };
		184535E11CBDEACE0002F8BA /* UIScrollView+MJExtension.m */ = {isa = PBXFileReference; fileEncoding = 4; lastKnownFileType = sourcecode.c.objc; path = "UIScrollView+MJExtension.m"; sourceTree = "<group>"; };
		184535E21CBDEACE0002F8BA /* UIScrollView+MJRefresh.h */ = {isa = PBXFileReference; fileEncoding = 4; lastKnownFileType = sourcecode.c.h; path = "UIScrollView+MJRefresh.h"; sourceTree = "<group>"; };
		184535E31CBDEACE0002F8BA /* UIScrollView+MJRefresh.m */ = {isa = PBXFileReference; fileEncoding = 4; lastKnownFileType = sourcecode.c.objc; path = "UIScrollView+MJRefresh.m"; sourceTree = "<group>"; };
		184535E41CBDEACE0002F8BA /* UIView+MJExtension.h */ = {isa = PBXFileReference; fileEncoding = 4; lastKnownFileType = sourcecode.c.h; path = "UIView+MJExtension.h"; sourceTree = "<group>"; };
		184535E51CBDEACE0002F8BA /* UIView+MJExtension.m */ = {isa = PBXFileReference; fileEncoding = 4; lastKnownFileType = sourcecode.c.objc; path = "UIView+MJExtension.m"; sourceTree = "<group>"; };
		18575F9F1CBA194200B9AEB2 /* LJNavigationController.h */ = {isa = PBXFileReference; fileEncoding = 4; lastKnownFileType = sourcecode.c.h; path = LJNavigationController.h; sourceTree = "<group>"; };
		18575FA01CBA194200B9AEB2 /* LJNavigationController.m */ = {isa = PBXFileReference; fileEncoding = 4; lastKnownFileType = sourcecode.c.objc; path = LJNavigationController.m; sourceTree = "<group>"; };
		18575FA21CBA19E300B9AEB2 /* BaseUIViewController.h */ = {isa = PBXFileReference; fileEncoding = 4; lastKnownFileType = sourcecode.c.h; path = BaseUIViewController.h; sourceTree = "<group>"; };
		18575FA31CBA19E300B9AEB2 /* BaseUIViewController.m */ = {isa = PBXFileReference; fileEncoding = 4; lastKnownFileType = sourcecode.c.objc; path = BaseUIViewController.m; sourceTree = "<group>"; };
		18575FA51CBA19F900B9AEB2 /* FirstViewController.h */ = {isa = PBXFileReference; fileEncoding = 4; lastKnownFileType = sourcecode.c.h; path = FirstViewController.h; sourceTree = "<group>"; };
		18575FA61CBA19F900B9AEB2 /* FirstViewController.m */ = {isa = PBXFileReference; fileEncoding = 4; lastKnownFileType = sourcecode.c.objc; path = FirstViewController.m; sourceTree = "<group>"; };
		18575FA81CBA1A0700B9AEB2 /* SecondViewController.h */ = {isa = PBXFileReference; fileEncoding = 4; lastKnownFileType = sourcecode.c.h; path = SecondViewController.h; sourceTree = "<group>"; };
		18575FA91CBA1A0700B9AEB2 /* SecondViewController.m */ = {isa = PBXFileReference; fileEncoding = 4; lastKnownFileType = sourcecode.c.objc; path = SecondViewController.m; sourceTree = "<group>"; };
		18575FAB1CBA1A1700B9AEB2 /* ThridViewController.h */ = {isa = PBXFileReference; fileEncoding = 4; lastKnownFileType = sourcecode.c.h; path = ThridViewController.h; sourceTree = "<group>"; };
		18575FAC1CBA1A1700B9AEB2 /* ThridViewController.m */ = {isa = PBXFileReference; fileEncoding = 4; lastKnownFileType = sourcecode.c.objc; path = ThridViewController.m; sourceTree = "<group>"; };
		18575FAE1CBA1A2400B9AEB2 /* FourthViewController.h */ = {isa = PBXFileReference; fileEncoding = 4; lastKnownFileType = sourcecode.c.h; path = FourthViewController.h; sourceTree = "<group>"; };
		18575FAF1CBA1A2400B9AEB2 /* FourthViewController.m */ = {isa = PBXFileReference; fileEncoding = 4; lastKnownFileType = sourcecode.c.objc; path = FourthViewController.m; sourceTree = "<group>"; };
		18575FB11CBA1A3C00B9AEB2 /* CenterViewController.h */ = {isa = PBXFileReference; fileEncoding = 4; lastKnownFileType = sourcecode.c.h; path = CenterViewController.h; sourceTree = "<group>"; };
		18575FB21CBA1A3C00B9AEB2 /* CenterViewController.m */ = {isa = PBXFileReference; fileEncoding = 4; lastKnownFileType = sourcecode.c.objc; path = CenterViewController.m; sourceTree = "<group>"; };
		18575FB41CBA1CB500B9AEB2 /* LJTabBar.h */ = {isa = PBXFileReference; fileEncoding = 4; lastKnownFileType = sourcecode.c.h; path = LJTabBar.h; sourceTree = "<group>"; };
		18575FB51CBA1CB500B9AEB2 /* LJTabBar.m */ = {isa = PBXFileReference; fileEncoding = 4; lastKnownFileType = sourcecode.c.objc; path = LJTabBar.m; sourceTree = "<group>"; };
		18575FB71CBA240800B9AEB2 /* UIView+Frame.h */ = {isa = PBXFileReference; fileEncoding = 4; lastKnownFileType = sourcecode.c.h; path = "UIView+Frame.h"; sourceTree = "<group>"; };
		18575FB81CBA240800B9AEB2 /* UIView+Frame.m */ = {isa = PBXFileReference; fileEncoding = 4; lastKnownFileType = sourcecode.c.objc; path = "UIView+Frame.m"; sourceTree = "<group>"; };
		18575FBA1CBA24A300B9AEB2 /* AppMacro.pch */ = {isa = PBXFileReference; fileEncoding = 4; lastKnownFileType = sourcecode.c.h; path = AppMacro.pch; sourceTree = "<group>"; };
		18575FC01CBA343800B9AEB2 /* NSString+Common.h */ = {isa = PBXFileReference; fileEncoding = 4; lastKnownFileType = sourcecode.c.h; path = "NSString+Common.h"; sourceTree = "<group>"; };
		18575FC11CBA343800B9AEB2 /* NSString+Common.m */ = {isa = PBXFileReference; fileEncoding = 4; lastKnownFileType = sourcecode.c.objc; path = "NSString+Common.m"; sourceTree = "<group>"; };
		18575FC31CBA374100B9AEB2 /* UIColor+Common.h */ = {isa = PBXFileReference; fileEncoding = 4; lastKnownFileType = sourcecode.c.h; path = "UIColor+Common.h"; sourceTree = "<group>"; };
		18575FC41CBA374100B9AEB2 /* UIColor+Common.m */ = {isa = PBXFileReference; fileEncoding = 4; lastKnownFileType = sourcecode.c.objc; path = "UIColor+Common.m"; sourceTree = "<group>"; };
		18D363C51CBA138200A784FD /* LJAppStandard.app */ = {isa = PBXFileReference; explicitFileType = wrapper.application; includeInIndex = 0; path = LJAppStandard.app; sourceTree = BUILT_PRODUCTS_DIR; };
		18D363C91CBA138200A784FD /* main.m */ = {isa = PBXFileReference; lastKnownFileType = sourcecode.c.objc; path = main.m; sourceTree = "<group>"; };
		18D363CB1CBA138200A784FD /* AppDelegate.h */ = {isa = PBXFileReference; lastKnownFileType = sourcecode.c.h; path = AppDelegate.h; sourceTree = "<group>"; };
		18D363CC1CBA138200A784FD /* AppDelegate.m */ = {isa = PBXFileReference; lastKnownFileType = sourcecode.c.objc; path = AppDelegate.m; sourceTree = "<group>"; };
		18D363D41CBA138200A784FD /* Assets.xcassets */ = {isa = PBXFileReference; lastKnownFileType = folder.assetcatalog; path = Assets.xcassets; sourceTree = "<group>"; };
		18D363D71CBA138200A784FD /* Base */ = {isa = PBXFileReference; lastKnownFileType = file.storyboard; name = Base; path = Base.lproj/LaunchScreen.storyboard; sourceTree = "<group>"; };
		18D363D91CBA138200A784FD /* Info.plist */ = {isa = PBXFileReference; lastKnownFileType = text.plist.xml; path = Info.plist; sourceTree = "<group>"; };
		18D363DF1CBA143F00A784FD /* MainViewController.h */ = {isa = PBXFileReference; fileEncoding = 4; lastKnownFileType = sourcecode.c.h; path = MainViewController.h; sourceTree = "<group>"; };
		18D363E01CBA143F00A784FD /* MainViewController.m */ = {isa = PBXFileReference; fileEncoding = 4; lastKnownFileType = sourcecode.c.objc; path = MainViewController.m; sourceTree = "<group>"; };
		18D363E21CBA14D400A784FD /* LJTabBarController.h */ = {isa = PBXFileReference; fileEncoding = 4; lastKnownFileType = sourcecode.c.h; path = LJTabBarController.h; sourceTree = "<group>"; };
		18D363E31CBA14D400A784FD /* LJTabBarController.m */ = {isa = PBXFileReference; fileEncoding = 4; lastKnownFileType = sourcecode.c.objc; path = LJTabBarController.m; sourceTree = "<group>"; };
/* End PBXFileReference section */

/* Begin PBXFrameworksBuildPhase section */
		18D363C21CBA138200A784FD /* Frameworks */ = {
			isa = PBXFrameworksBuildPhase;
			buildActionMask = 2147483647;
			files = (
			);
			runOnlyForDeploymentPostprocessing = 0;
		};
/* End PBXFrameworksBuildPhase section */

/* Begin PBXGroup section */
		184535B91CBDEACE0002F8BA /* MJRefresh */ = {
			isa = PBXGroup;
			children = (
				184535BA1CBDEACE0002F8BA /* Base */,
				184535C51CBDEACE0002F8BA /* Custom */,
				184535DC1CBDEACE0002F8BA /* MJRefresh.bundle */,
				184535DD1CBDEACE0002F8BA /* MJRefresh.h */,
				184535DE1CBDEACE0002F8BA /* MJRefreshConst.h */,
				184535DF1CBDEACE0002F8BA /* MJRefreshConst.m */,
				184535E01CBDEACE0002F8BA /* UIScrollView+MJExtension.h */,
				184535E11CBDEACE0002F8BA /* UIScrollView+MJExtension.m */,
				184535E21CBDEACE0002F8BA /* UIScrollView+MJRefresh.h */,
				184535E31CBDEACE0002F8BA /* UIScrollView+MJRefresh.m */,
				184535E41CBDEACE0002F8BA /* UIView+MJExtension.h */,
				184535E51CBDEACE0002F8BA /* UIView+MJExtension.m */,
			);
			path = MJRefresh;
			sourceTree = "<group>";
		};
		184535BA1CBDEACE0002F8BA /* Base */ = {
			isa = PBXGroup;
			children = (
				184535BB1CBDEACE0002F8BA /* MJRefreshAutoFooter.h */,
				184535BC1CBDEACE0002F8BA /* MJRefreshAutoFooter.m */,
				184535BD1CBDEACE0002F8BA /* MJRefreshBackFooter.h */,
				184535BE1CBDEACE0002F8BA /* MJRefreshBackFooter.m */,
				184535BF1CBDEACE0002F8BA /* MJRefreshComponent.h */,
				184535C01CBDEACE0002F8BA /* MJRefreshComponent.m */,
				184535C11CBDEACE0002F8BA /* MJRefreshFooter.h */,
				184535C21CBDEACE0002F8BA /* MJRefreshFooter.m */,
				184535C31CBDEACE0002F8BA /* MJRefreshHeader.h */,
				184535C41CBDEACE0002F8BA /* MJRefreshHeader.m */,
			);
			path = Base;
			sourceTree = "<group>";
		};
		184535C51CBDEACE0002F8BA /* Custom */ = {
			isa = PBXGroup;
			children = (
				184535C61CBDEACE0002F8BA /* Footer */,
				184535D51CBDEACE0002F8BA /* Header */,
			);
			path = Custom;
			sourceTree = "<group>";
		};
		184535C61CBDEACE0002F8BA /* Footer */ = {
			isa = PBXGroup;
			children = (
				184535C71CBDEACE0002F8BA /* Auto */,
				184535CE1CBDEACE0002F8BA /* Back */,
			);
			path = Footer;
			sourceTree = "<group>";
		};
		184535C71CBDEACE0002F8BA /* Auto */ = {
			isa = PBXGroup;
			children = (
				184535C81CBDEACE0002F8BA /* MJRefreshAutoGifFooter.h */,
				184535C91CBDEACE0002F8BA /* MJRefreshAutoGifFooter.m */,
				184535CA1CBDEACE0002F8BA /* MJRefreshAutoNormalFooter.h */,
				184535CB1CBDEACE0002F8BA /* MJRefreshAutoNormalFooter.m */,
				184535CC1CBDEACE0002F8BA /* MJRefreshAutoStateFooter.h */,
				184535CD1CBDEACE0002F8BA /* MJRefreshAutoStateFooter.m */,
			);
			path = Auto;
			sourceTree = "<group>";
		};
		184535CE1CBDEACE0002F8BA /* Back */ = {
			isa = PBXGroup;
			children = (
				184535CF1CBDEACE0002F8BA /* MJRefreshBackGifFooter.h */,
				184535D01CBDEACE0002F8BA /* MJRefreshBackGifFooter.m */,
				184535D11CBDEACE0002F8BA /* MJRefreshBackNormalFooter.h */,
				184535D21CBDEACE0002F8BA /* MJRefreshBackNormalFooter.m */,
				184535D31CBDEACE0002F8BA /* MJRefreshBackStateFooter.h */,
				184535D41CBDEACE0002F8BA /* MJRefreshBackStateFooter.m */,
			);
			path = Back;
			sourceTree = "<group>";
		};
		184535D51CBDEACE0002F8BA /* Header */ = {
			isa = PBXGroup;
			children = (
				184535D61CBDEACE0002F8BA /* MJRefreshGifHeader.h */,
				184535D71CBDEACE0002F8BA /* MJRefreshGifHeader.m */,
				184535D81CBDEACE0002F8BA /* MJRefreshNormalHeader.h */,
				184535D91CBDEACE0002F8BA /* MJRefreshNormalHeader.m */,
				184535DA1CBDEACE0002F8BA /* MJRefreshStateHeader.h */,
				184535DB1CBDEACE0002F8BA /* MJRefreshStateHeader.m */,
			);
			path = Header;
			sourceTree = "<group>";
		};
		18D363BC1CBA138200A784FD = {
			isa = PBXGroup;
			children = (
				18D363C71CBA138200A784FD /* LJAppStandard */,
				18D363C61CBA138200A784FD /* Products */,
			);
			sourceTree = "<group>";
		};
		18D363C61CBA138200A784FD /* Products */ = {
			isa = PBXGroup;
			children = (
				18D363C51CBA138200A784FD /* LJAppStandard.app */,
			);
			name = Products;
			sourceTree = "<group>";
		};
		18D363C71CBA138200A784FD /* LJAppStandard */ = {
			isa = PBXGroup;
			children = (
				18D363CB1CBA138200A784FD /* AppDelegate.h */,
				18D363CC1CBA138200A784FD /* AppDelegate.m */,
				18D363DF1CBA143F00A784FD /* MainViewController.h */,
				18D363E01CBA143F00A784FD /* MainViewController.m */,
				18D363E21CBA14D400A784FD /* LJTabBarController.h */,
				18D363E31CBA14D400A784FD /* LJTabBarController.m */,
				18575FB41CBA1CB500B9AEB2 /* LJTabBar.h */,
				18575FB51CBA1CB500B9AEB2 /* LJTabBar.m */,
				18575F9F1CBA194200B9AEB2 /* LJNavigationController.h */,
				18575FA01CBA194200B9AEB2 /* LJNavigationController.m */,
				18575FA21CBA19E300B9AEB2 /* BaseUIViewController.h */,
				18575FA31CBA19E300B9AEB2 /* BaseUIViewController.m */,
				18575FA51CBA19F900B9AEB2 /* FirstViewController.h */,
				18575FA61CBA19F900B9AEB2 /* FirstViewController.m */,
				18575FA81CBA1A0700B9AEB2 /* SecondViewController.h */,
				18575FA91CBA1A0700B9AEB2 /* SecondViewController.m */,
				18575FAB1CBA1A1700B9AEB2 /* ThridViewController.h */,
				18575FAC1CBA1A1700B9AEB2 /* ThridViewController.m */,
				18575FAE1CBA1A2400B9AEB2 /* FourthViewController.h */,
				18575FAF1CBA1A2400B9AEB2 /* FourthViewController.m */,
				18575FB11CBA1A3C00B9AEB2 /* CenterViewController.h */,
				18575FB21CBA1A3C00B9AEB2 /* CenterViewController.m */,
				180CEC371CBCDDEF00329B95 /* MessagesViewController.h */,
				180CEC381CBCDDEF00329B95 /* MessagesViewController.m */,
				18575FB71CBA240800B9AEB2 /* UIView+Frame.h */,
				18575FB81CBA240800B9AEB2 /* UIView+Frame.m */,
				18575FC01CBA343800B9AEB2 /* NSString+Common.h */,
				18575FC11CBA343800B9AEB2 /* NSString+Common.m */,
				18575FC31CBA374100B9AEB2 /* UIColor+Common.h */,
				18575FC41CBA374100B9AEB2 /* UIColor+Common.m */,
				18575FBA1CBA24A300B9AEB2 /* AppMacro.pch */,
				184535B91CBDEACE0002F8BA /* MJRefresh */,
				18D363D41CBA138200A784FD /* Assets.xcassets */,
				18D363D61CBA138200A784FD /* LaunchScreen.storyboard */,
				18D363D91CBA138200A784FD /* Info.plist */,
				18D363C81CBA138200A784FD /* Supporting Files */,
			);
			path = LJAppStandard;
			sourceTree = "<group>";
		};
		18D363C81CBA138200A784FD /* Supporting Files */ = {
			isa = PBXGroup;
			children = (
				18D363C91CBA138200A784FD /* main.m */,
			);
			name = "Supporting Files";
			sourceTree = "<group>";
		};
/* End PBXGroup section */

/* Begin PBXNativeTarget section */
		18D363C41CBA138200A784FD /* LJAppStandard */ = {
			isa = PBXNativeTarget;
			buildConfigurationList = 18D363DC1CBA138200A784FD /* Build configuration list for PBXNativeTarget "LJAppStandard" */;
			buildPhases = (
				18D363C11CBA138200A784FD /* Sources */,
				18D363C21CBA138200A784FD /* Frameworks */,
				18D363C31CBA138200A784FD /* Resources */,
			);
			buildRules = (
			);
			dependencies = (
			);
			name = LJAppStandard;
			productName = LJAppStandard;
			productReference = 18D363C51CBA138200A784FD /* LJAppStandard.app */;
			productType = "com.apple.product-type.application";
		};
/* End PBXNativeTarget section */

/* Begin PBXProject section */
		18D363BD1CBA138200A784FD /* Project object */ = {
			isa = PBXProject;
			attributes = {
				LastUpgradeCheck = 0720;
				ORGANIZATIONNAME = liang;
				TargetAttributes = {
					18D363C41CBA138200A784FD = {
						CreatedOnToolsVersion = 7.2;
					};
				};
			};
			buildConfigurationList = 18D363C01CBA138200A784FD /* Build configuration list for PBXProject "LJAppStandard" */;
			compatibilityVersion = "Xcode 3.2";
			developmentRegion = English;
			hasScannedForEncodings = 0;
			knownRegions = (
				en,
				Base,
			);
			mainGroup = 18D363BC1CBA138200A784FD;
			productRefGroup = 18D363C61CBA138200A784FD /* Products */;
			projectDirPath = "";
			projectRoot = "";
			targets = (
				18D363C41CBA138200A784FD /* LJAppStandard */,
			);
		};
/* End PBXProject section */

/* Begin PBXResourcesBuildPhase section */
		18D363C31CBA138200A784FD /* Resources */ = {
			isa = PBXResourcesBuildPhase;
			buildActionMask = 2147483647;
			files = (
				18D363D81CBA138200A784FD /* LaunchScreen.storyboard in Resources */,
				18D363D51CBA138200A784FD /* Assets.xcassets in Resources */,
				184535F41CBDEACE0002F8BA /* MJRefresh.bundle in Resources */,
			);
			runOnlyForDeploymentPostprocessing = 0;
		};
/* End PBXResourcesBuildPhase section */

/* Begin PBXSourcesBuildPhase section */
		18D363C11CBA138200A784FD /* Sources */ = {
			isa = PBXSourcesBuildPhase;
			buildActionMask = 2147483647;
			files = (
				18D363CD1CBA138200A784FD /* AppDelegate.m in Sources */,
				184535EB1CBDEACE0002F8BA /* MJRefreshAutoGifFooter.m in Sources */,
				18575FA41CBA19E300B9AEB2 /* BaseUIViewController.m in Sources */,
				184535EE1CBDEACE0002F8BA /* MJRefreshBackGifFooter.m in Sources */,
				18575FC21CBA343800B9AEB2 /* NSString+Common.m in Sources */,
				18575FA71CBA19F900B9AEB2 /* FirstViewController.m in Sources */,
				18D363E41CBA14D400A784FD /* LJTabBarController.m in Sources */,
				184535E81CBDEACE0002F8BA /* MJRefreshComponent.m in Sources */,
				184535F21CBDEACE0002F8BA /* MJRefreshNormalHeader.m in Sources */,
				18575FB91CBA240800B9AEB2 /* UIView+Frame.m in Sources */,
				184535E71CBDEACE0002F8BA /* MJRefreshBackFooter.m in Sources */,
				18575FB31CBA1A3C00B9AEB2 /* CenterViewController.m in Sources */,
				184535EF1CBDEACE0002F8BA /* MJRefreshBackNormalFooter.m in Sources */,
				184535F81CBDEACE0002F8BA /* UIView+MJExtension.m in Sources */,
				184535E91CBDEACE0002F8BA /* MJRefreshFooter.m in Sources */,
				184535EA1CBDEACE0002F8BA /* MJRefreshHeader.m in Sources */,
				18575FAA1CBA1A0700B9AEB2 /* SecondViewController.m in Sources */,
				184535EC1CBDEACE0002F8BA /* MJRefreshAutoNormalFooter.m in Sources */,
				18D363E11CBA143F00A784FD /* MainViewController.m in Sources */,
				18575FC51CBA374100B9AEB2 /* UIColor+Common.m in Sources */,
				184535F51CBDEACE0002F8BA /* MJRefreshConst.m in Sources */,
				180CEC391CBCDDEF00329B95 /* MessagesViewController.m in Sources */,
				18575FB01CBA1A2400B9AEB2 /* FourthViewController.m in Sources */,
				18575FAD1CBA1A1700B9AEB2 /* ThridViewController.m in Sources */,
				184535F71CBDEACE0002F8BA /* UIScrollView+MJRefresh.m in Sources */,
				18D363CA1CBA138200A784FD /* main.m in Sources */,
				184535ED1CBDEACE0002F8BA /* MJRefreshAutoStateFooter.m in Sources */,
				18575FA11CBA194200B9AEB2 /* LJNavigationController.m in Sources */,
				184535F31CBDEACE0002F8BA /* MJRefreshStateHeader.m in Sources */,
				184535F11CBDEACE0002F8BA /* MJRefreshGifHeader.m in Sources */,
				184535F61CBDEACE0002F8BA /* UIScrollView+MJExtension.m in Sources */,
				18575FB61CBA1CB500B9AEB2 /* LJTabBar.m in Sources */,
				184535E61CBDEACE0002F8BA /* MJRefreshAutoFooter.m in Sources */,
				184535F01CBDEACE0002F8BA /* MJRefreshBackStateFooter.m in Sources */,
			);
			runOnlyForDeploymentPostprocessing = 0;
		};
/* End PBXSourcesBuildPhase section */

/* Begin PBXVariantGroup section */
		18D363D61CBA138200A784FD /* LaunchScreen.storyboard */ = {
			isa = PBXVariantGroup;
			children = (
				18D363D71CBA138200A784FD /* Base */,
			);
			name = LaunchScreen.storyboard;
			sourceTree = "<group>";
		};
/* End PBXVariantGroup section */

/* Begin XCBuildConfiguration section */
		18D363DA1CBA138200A784FD /* Debug */ = {
			isa = XCBuildConfiguration;
			buildSettings = {
				ALWAYS_SEARCH_USER_PATHS = NO;
				CLANG_CXX_LANGUAGE_STANDARD = "gnu++0x";
				CLANG_CXX_LIBRARY = "libc++";
				CLANG_ENABLE_MODULES = YES;
				CLANG_ENABLE_OBJC_ARC = YES;
				CLANG_WARN_BOOL_CONVERSION = YES;
				CLANG_WARN_CONSTANT_CONVERSION = YES;
				CLANG_WARN_DIRECT_OBJC_ISA_USAGE = YES_ERROR;
				CLANG_WARN_EMPTY_BODY = YES;
				CLANG_WARN_ENUM_CONVERSION = YES;
				CLANG_WARN_INT_CONVERSION = YES;
				CLANG_WARN_OBJC_ROOT_CLASS = YES_ERROR;
				CLANG_WARN_UNREACHABLE_CODE = YES;
				CLANG_WARN__DUPLICATE_METHOD_MATCH = YES;
				"CODE_SIGN_IDENTITY[sdk=iphoneos*]" = "iPhone Developer";
				COPY_PHASE_STRIP = NO;
				DEBUG_INFORMATION_FORMAT = dwarf;
				ENABLE_STRICT_OBJC_MSGSEND = YES;
				ENABLE_TESTABILITY = YES;
				GCC_C_LANGUAGE_STANDARD = gnu99;
				GCC_DYNAMIC_NO_PIC = NO;
				GCC_NO_COMMON_BLOCKS = YES;
				GCC_OPTIMIZATION_LEVEL = 0;
				GCC_PREPROCESSOR_DEFINITIONS = (
					"DEBUG=1",
					"$(inherited)",
				);
				GCC_WARN_64_TO_32_BIT_CONVERSION = YES;
				GCC_WARN_ABOUT_RETURN_TYPE = YES_ERROR;
				GCC_WARN_UNDECLARED_SELECTOR = YES;
				GCC_WARN_UNINITIALIZED_AUTOS = YES_AGGRESSIVE;
				GCC_WARN_UNUSED_FUNCTION = YES;
				GCC_WARN_UNUSED_VARIABLE = YES;
				IPHONEOS_DEPLOYMENT_TARGET = 9.2;
				MTL_ENABLE_DEBUG_INFO = YES;
				ONLY_ACTIVE_ARCH = YES;
				SDKROOT = iphoneos;
			};
			name = Debug;
		};
		18D363DB1CBA138200A784FD /* Release */ = {
			isa = XCBuildConfiguration;
			buildSettings = {
				ALWAYS_SEARCH_USER_PATHS = NO;
				CLANG_CXX_LANGUAGE_STANDARD = "gnu++0x";
				CLANG_CXX_LIBRARY = "libc++";
				CLANG_ENABLE_MODULES = YES;
				CLANG_ENABLE_OBJC_ARC = YES;
				CLANG_WARN_BOOL_CONVERSION = YES;
				CLANG_WARN_CONSTANT_CONVERSION = YES;
				CLANG_WARN_DIRECT_OBJC_ISA_USAGE = YES_ERROR;
				CLANG_WARN_EMPTY_BODY = YES;
				CLANG_WARN_ENUM_CONVERSION = YES;
				CLANG_WARN_INT_CONVERSION = YES;
				CLANG_WARN_OBJC_ROOT_CLASS = YES_ERROR;
				CLANG_WARN_UNREACHABLE_CODE = YES;
				CLANG_WARN__DUPLICATE_METHOD_MATCH = YES;
				"CODE_SIGN_IDENTITY[sdk=iphoneos*]" = "iPhone Developer";
				COPY_PHASE_STRIP = NO;
				DEBUG_INFORMATION_FORMAT = "dwarf-with-dsym";
				ENABLE_NS_ASSERTIONS = NO;
				ENABLE_STRICT_OBJC_MSGSEND = YES;
				GCC_C_LANGUAGE_STANDARD = gnu99;
				GCC_NO_COMMON_BLOCKS = YES;
				GCC_WARN_64_TO_32_BIT_CONVERSION = YES;
				GCC_WARN_ABOUT_RETURN_TYPE = YES_ERROR;
				GCC_WARN_UNDECLARED_SELECTOR = YES;
				GCC_WARN_UNINITIALIZED_AUTOS = YES_AGGRESSIVE;
				GCC_WARN_UNUSED_FUNCTION = YES;
				GCC_WARN_UNUSED_VARIABLE = YES;
				IPHONEOS_DEPLOYMENT_TARGET = 9.2;
				MTL_ENABLE_DEBUG_INFO = NO;
				SDKROOT = iphoneos;
				VALIDATE_PRODUCT = YES;
			};
			name = Release;
		};
		18D363DD1CBA138200A784FD /* Debug */ = {
			isa = XCBuildConfiguration;
			buildSettings = {
				ASSETCATALOG_COMPILER_APPICON_NAME = AppIcon;
				GCC_PREFIX_HEADER = LJAppStandard/AppMacro.pch;
				INFOPLIST_FILE = LJAppStandard/Info.plist;
				LD_RUNPATH_SEARCH_PATHS = "$(inherited) @executable_path/Frameworks";
				PRODUCT_BUNDLE_IDENTIFIER = com.j1.LJAppStandard;
				PRODUCT_NAME = "$(TARGET_NAME)";
			};
			name = Debug;
		};
		18D363DE1CBA138200A784FD /* Release */ = {
			isa = XCBuildConfiguration;
			buildSettings = {
				ASSETCATALOG_COMPILER_APPICON_NAME = AppIcon;
				GCC_PREFIX_HEADER = LJAppStandard/AppMacro.pch;
				INFOPLIST_FILE = LJAppStandard/Info.plist;
				LD_RUNPATH_SEARCH_PATHS = "$(inherited) @executable_path/Frameworks";
				PRODUCT_BUNDLE_IDENTIFIER = com.j1.LJAppStandard;
				PRODUCT_NAME = "$(TARGET_NAME)";
			};
			name = Release;
		};
/* End XCBuildConfiguration section */

/* Begin XCConfigurationList section */
		18D363C01CBA138200A784FD /* Build configuration list for PBXProject "LJAppStandard" */ = {
			isa = XCConfigurationList;
			buildConfigurations = (
				18D363DA1CBA138200A784FD /* Debug */,
				18D363DB1CBA138200A784FD /* Release */,
			);
			defaultConfigurationIsVisible = 0;
			defaultConfigurationName = Release;
		};
		18D363DC1CBA138200A784FD /* Build configuration list for PBXNativeTarget "LJAppStandard" */ = {
			isa = XCConfigurationList;
			buildConfigurations = (
				18D363DD1CBA138200A784FD /* Debug */,
				18D363DE1CBA138200A784FD /* Release */,
			);
			defaultConfigurationIsVisible = 0;
			defaultConfigurationName = Release;
		};
/* End XCConfigurationList section */
	};
	rootObject = 18D363BD1CBA138200A784FD /* Project object */;
}
